
Microsoft Visual Studio Solution File, Format Version 12.00
# Visual Studio Version 17
VisualStudioVersion = 17.4.33205.214
MinimumVisualStudioVersion = 10.0.40219.1
Project("{2150E333-8FDC-42A3-9474-1A3956D46DE8}") = "WebApp", "WebApp", "{E0737A42-D44E-4DEF-A5E4-EFB4C3126F83}"
EndProject
Project("{9A19103F-16F7-4668-BE54-9A1E7A4F7556}") = "FoodOnline.Web", "WebApp\FoodOnline.Web\FoodOnline.Web.csproj", "{28DA80DD-EA04-44FF-BA99-0BDEEDC9801C}"
EndProject
Project("{2150E333-8FDC-42A3-9474-1A3956D46DE8}") = "Services", "Services", "{6F895442-3C47-4658-AA7A-C4801EF2DD10}"
EndProject
Project("{9A19103F-16F7-4668-BE54-9A1E7A4F7556}") = "FoodOnline.Services.ProductAPI", "Services\FoodOnline.Services.ProductAPI\FoodOnline.Services.ProductAPI.csproj", "{83960C14-2D1D-4E6A-8DFF-3700A8ADACEB}"
EndProject
Project("{9A19103F-16F7-4668-BE54-9A1E7A4F7556}") = "FoodOnline.Services.Identity", "Services\FoodOnline.Services.Identity\FoodOnline.Services.Identity.csproj", "{B084F019-1520-4F90-A16D-64CE1928316A}"
EndProject
Project("{9A19103F-16F7-4668-BE54-9A1E7A4F7556}") = "FoodOnline.Services.CouponAPI", "Services\FoodOnline.Services.CouponAPI\FoodOnline.Services.CouponAPI.csproj", "{E78E2DE6-757D-4F48-8F2B-8897D1EAB203}"
EndProject
Project("{9A19103F-16F7-4668-BE54-9A1E7A4F7556}") = "FoodOnline.Services.ShopingCartAPI", "Services\FoodOnline.Services.ShopingCartAPI\FoodOnline.Services.ShopingCartAPI.csproj", "{F6FE345B-BFCF-4897-A794-7711B606816E}"
EndProject
Project("{2150E333-8FDC-42A3-9474-1A3956D46DE8}") = "Integration", "Integration", "{BFA8EA0D-AF0D-402D-96F2-4E6B34DB456E}"
EndProject
Project("{9A19103F-16F7-4668-BE54-9A1E7A4F7556}") = "FoodOnline.MessageBus", "Integration\FoodOnline.MessageBus\FoodOnline.MessageBus.csproj", "{31ACC776-FAEE-4B7E-9EB1-86BD4CDF4206}"
EndProject
Project("{FAE04EC0-301F-11D3-BF4B-00C04F79EFBC}") = "FoodOnline.Services.OrderAPI", "Services\FoodOnline.Services.OrderAPI\FoodOnline.Services.OrderAPI.csproj", "{8DFF2EE3-80F2-4AAE-8B8A-72F3080DD89A}"
EndProject
Global
	GlobalSection(SolutionConfigurationPlatforms) = preSolution
		Debug|Any CPU = Debug|Any CPU
		Release|Any CPU = Release|Any CPU
	EndGlobalSection
	GlobalSection(ProjectConfigurationPlatforms) = postSolution
		{28DA80DD-EA04-44FF-BA99-0BDEEDC9801C}.Debug|Any CPU.ActiveCfg = Debug|Any CPU
		{28DA80DD-EA04-44FF-BA99-0BDEEDC9801C}.Debug|Any CPU.Build.0 = Debug|Any CPU
		{28DA80DD-EA04-44FF-BA99-0BDEEDC9801C}.Release|Any CPU.ActiveCfg = Release|Any CPU
		{28DA80DD-EA04-44FF-BA99-0BDEEDC9801C}.Release|Any CPU.Build.0 = Release|Any CPU
		{83960C14-2D1D-4E6A-8DFF-3700A8ADACEB}.Debug|Any CPU.ActiveCfg = Debug|Any CPU
		{83960C14-2D1D-4E6A-8DFF-3700A8ADACEB}.Debug|Any CPU.Build.0 = Debug|Any CPU
		{83960C14-2D1D-4E6A-8DFF-3700A8ADACEB}.Release|Any CPU.ActiveCfg = Release|Any CPU
		{83960C14-2D1D-4E6A-8DFF-3700A8ADACEB}.Release|Any CPU.Build.0 = Release|Any CPU
		{B084F019-1520-4F90-A16D-64CE1928316A}.Debug|Any CPU.ActiveCfg = Debug|Any CPU
		{B084F019-1520-4F90-A16D-64CE1928316A}.Debug|Any CPU.Build.0 = Debug|Any CPU
		{B084F019-1520-4F90-A16D-64CE1928316A}.Release|Any CPU.ActiveCfg = Release|Any CPU
		{B084F019-1520-4F90-A16D-64CE1928316A}.Release|Any CPU.Build.0 = Release|Any CPU
		{E78E2DE6-757D-4F48-8F2B-8897D1EAB203}.Debug|Any CPU.ActiveCfg = Debug|Any CPU
		{E78E2DE6-757D-4F48-8F2B-8897D1EAB203}.Debug|Any CPU.Build.0 = Debug|Any CPU
		{E78E2DE6-757D-4F48-8F2B-8897D1EAB203}.Release|Any CPU.ActiveCfg = Release|Any CPU
		{E78E2DE6-757D-4F48-8F2B-8897D1EAB203}.Release|Any CPU.Build.0 = Release|Any CPU
		{F6FE345B-BFCF-4897-A794-7711B606816E}.Debug|Any CPU.ActiveCfg = Debug|Any CPU
		{F6FE345B-BFCF-4897-A794-7711B606816E}.Debug|Any CPU.Build.0 = Debug|Any CPU
		{F6FE345B-BFCF-4897-A794-7711B606816E}.Release|Any CPU.ActiveCfg = Release|Any CPU
		{F6FE345B-BFCF-4897-A794-7711B606816E}.Release|Any CPU.Build.0 = Release|Any CPU
		{31ACC776-FAEE-4B7E-9EB1-86BD4CDF4206}.Debug|Any CPU.ActiveCfg = Debug|Any CPU
		{31ACC776-FAEE-4B7E-9EB1-86BD4CDF4206}.Debug|Any CPU.Build.0 = Debug|Any CPU
		{31ACC776-FAEE-4B7E-9EB1-86BD4CDF4206}.Release|Any CPU.ActiveCfg = Release|Any CPU
		{31ACC776-FAEE-4B7E-9EB1-86BD4CDF4206}.Release|Any CPU.Build.0 = Release|Any CPU
		{8DFF2EE3-80F2-4AAE-8B8A-72F3080DD89A}.Debug|Any CPU.ActiveCfg = Debug|Any CPU
		{8DFF2EE3-80F2-4AAE-8B8A-72F3080DD89A}.Debug|Any CPU.Build.0 = Debug|Any CPU
		{8DFF2EE3-80F2-4AAE-8B8A-72F3080DD89A}.Release|Any CPU.ActiveCfg = Release|Any CPU
		{8DFF2EE3-80F2-4AAE-8B8A-72F3080DD89A}.Release|Any CPU.Build.0 = Release|Any CPU
	EndGlobalSection
	GlobalSection(SolutionProperties) = preSolution
		HideSolutionNode = FALSE
	EndGlobalSection
	GlobalSection(NestedProjects) = preSolution
		{28DA80DD-EA04-44FF-BA99-0BDEEDC9801C} = {E0737A42-D44E-4DEF-A5E4-EFB4C3126F83}
		{83960C14-2D1D-4E6A-8DFF-3700A8ADACEB} = {6F895442-3C47-4658-AA7A-C4801EF2DD10}
		{B084F019-1520-4F90-A16D-64CE1928316A} = {6F895442-3C47-4658-AA7A-C4801EF2DD10}
		{E78E2DE6-757D-4F48-8F2B-8897D1EAB203} = {6F895442-3C47-4658-AA7A-C4801EF2DD10}
		{F6FE345B-BFCF-4897-A794-7711B606816E} = {6F895442-3C47-4658-AA7A-C4801EF2DD10}
		{31ACC776-FAEE-4B7E-9EB1-86BD4CDF4206} = {BFA8EA0D-AF0D-402D-96F2-4E6B34DB456E}
		{8DFF2EE3-80F2-4AAE-8B8A-72F3080DD89A} = {6F895442-3C47-4658-AA7A-C4801EF2DD10}
	EndGlobalSection
	GlobalSection(ExtensibilityGlobals) = postSolution
		SolutionGuid = {D3F3DE7A-EEA5-4CA6-9C8C-518202D636FE}
	EndGlobalSection
EndGlobal
